// !$*UTF8*$!
{
	archiveVersion = 1;
	classes = {
	};
	objectVersion = 50;
	objects = {

/* Begin PBXBuildFile section */
		1899DA1C267A4D38001F8A4C /* DepressionViewController.swift in Sources */ = {isa = PBXBuildFile; fileRef = 1899DA1B267A4D38001F8A4C /* DepressionViewController.swift */; };
		1899DA1E267A4D4B001F8A4C /* AnxietyViewController.swift in Sources */ = {isa = PBXBuildFile; fileRef = 1899DA1D267A4D4B001F8A4C /* AnxietyViewController.swift */; };
		1899DA20267A4D57001F8A4C /* BurnoutViewController.swift in Sources */ = {isa = PBXBuildFile; fileRef = 1899DA1F267A4D57001F8A4C /* BurnoutViewController.swift */; };
		1899DA22267A4D6F001F8A4C /* ImposterSyndromeViewController.swift in Sources */ = {isa = PBXBuildFile; fileRef = 1899DA21267A4D6F001F8A4C /* ImposterSyndromeViewController.swift */; };
		1899DA24267A4DB1001F8A4C /* GaslightingViewController.swift in Sources */ = {isa = PBXBuildFile; fileRef = 1899DA23267A4DB1001F8A4C /* GaslightingViewController.swift */; };
		1899DA26267A4EE4001F8A4C /* GeneralTipsViewController.swift in Sources */ = {isa = PBXBuildFile; fileRef = 1899DA25267A4EE4001F8A4C /* GeneralTipsViewController.swift */; };
		1899DA28267A7457001F8A4C /* ToDoViewController.swift in Sources */ = {isa = PBXBuildFile; fileRef = 1899DA27267A7457001F8A4C /* ToDoViewController.swift */; };
		22DFB7C3267934C60012AB41 /* AppDelegate.swift in Sources */ = {isa = PBXBuildFile; fileRef = 22DFB7C2267934C60012AB41 /* AppDelegate.swift */; };
		22DFB7C5267934C60012AB41 /* SceneDelegate.swift in Sources */ = {isa = PBXBuildFile; fileRef = 22DFB7C4267934C60012AB41 /* SceneDelegate.swift */; };
		22DFB7C7267934C60012AB41 /* ViewController.swift in Sources */ = {isa = PBXBuildFile; fileRef = 22DFB7C6267934C60012AB41 /* ViewController.swift */; };
		22DFB7CA267934C60012AB41 /* Main.storyboard in Resources */ = {isa = PBXBuildFile; fileRef = 22DFB7C8267934C60012AB41 /* Main.storyboard */; };
		22DFB7CD267934C60012AB41 /* woodland.xcdatamodeld in Sources */ = {isa = PBXBuildFile; fileRef = 22DFB7CB267934C60012AB41 /* woodland.xcdatamodeld */; };
		22DFB7CF267934CA0012AB41 /* Assets.xcassets in Resources */ = {isa = PBXBuildFile; fileRef = 22DFB7CE267934CA0012AB41 /* Assets.xcassets */; };
		22DFB7D2267934CA0012AB41 /* LaunchScreen.storyboard in Resources */ = {isa = PBXBuildFile; fileRef = 22DFB7D0267934CA0012AB41 /* LaunchScreen.storyboard */; };
		22DFB7DA267939780012AB41 /* HomePageViewController.swift in Sources */ = {isa = PBXBuildFile; fileRef = 22DFB7D9267939780012AB41 /* HomePageViewController.swift */; };
		22DFB7DC26793AB00012AB41 /* InfoPageViewController.swift in Sources */ = {isa = PBXBuildFile; fileRef = 22DFB7DB26793AB00012AB41 /* InfoPageViewController.swift */; };
		22DFB7DE26793CE40012AB41 /* DisclaimerViewController.swift in Sources */ = {isa = PBXBuildFile; fileRef = 22DFB7DD26793CE40012AB41 /* DisclaimerViewController.swift */; };
/* End PBXBuildFile section */

/* Begin PBXFileReference section */
		1899DA1B267A4D38001F8A4C /* DepressionViewController.swift */ = {isa = PBXFileReference; lastKnownFileType = sourcecode.swift; path = DepressionViewController.swift; sourceTree = "<group>"; };
		1899DA1D267A4D4B001F8A4C /* AnxietyViewController.swift */ = {isa = PBXFileReference; lastKnownFileType = sourcecode.swift; path = AnxietyViewController.swift; sourceTree = "<group>"; };
		1899DA1F267A4D57001F8A4C /* BurnoutViewController.swift */ = {isa = PBXFileReference; lastKnownFileType = sourcecode.swift; path = BurnoutViewController.swift; sourceTree = "<group>"; };
		1899DA21267A4D6F001F8A4C /* ImposterSyndromeViewController.swift */ = {isa = PBXFileReference; lastKnownFileType = sourcecode.swift; path = ImposterSyndromeViewController.swift; sourceTree = "<group>"; };
		1899DA23267A4DB1001F8A4C /* GaslightingViewController.swift */ = {isa = PBXFileReference; lastKnownFileType = sourcecode.swift; path = GaslightingViewController.swift; sourceTree = "<group>"; };
		1899DA25267A4EE4001F8A4C /* GeneralTipsViewController.swift */ = {isa = PBXFileReference; lastKnownFileType = sourcecode.swift; path = GeneralTipsViewController.swift; sourceTree = "<group>"; };
		1899DA27267A7457001F8A4C /* ToDoViewController.swift */ = {isa = PBXFileReference; lastKnownFileType = sourcecode.swift; path = ToDoViewController.swift; sourceTree = "<group>"; };
		22DFB7BF267934C60012AB41 /* woodland.app */ = {isa = PBXFileReference; explicitFileType = wrapper.application; includeInIndex = 0; path = woodland.app; sourceTree = BUILT_PRODUCTS_DIR; };
		22DFB7C2267934C60012AB41 /* AppDelegate.swift */ = {isa = PBXFileReference; lastKnownFileType = sourcecode.swift; path = AppDelegate.swift; sourceTree = "<group>"; };
		22DFB7C4267934C60012AB41 /* SceneDelegate.swift */ = {isa = PBXFileReference; lastKnownFileType = sourcecode.swift; path = SceneDelegate.swift; sourceTree = "<group>"; };
		22DFB7C6267934C60012AB41 /* ViewController.swift */ = {isa = PBXFileReference; lastKnownFileType = sourcecode.swift; path = ViewController.swift; sourceTree = "<group>"; };
		22DFB7C9267934C60012AB41 /* Base */ = {isa = PBXFileReference; lastKnownFileType = file.storyboard; name = Base; path = Base.lproj/Main.storyboard; sourceTree = "<group>"; };
		22DFB7CC267934C60012AB41 /* woodland.xcdatamodel */ = {isa = PBXFileReference; lastKnownFileType = wrapper.xcdatamodel; path = woodland.xcdatamodel; sourceTree = "<group>"; };
		22DFB7CE267934CA0012AB41 /* Assets.xcassets */ = {isa = PBXFileReference; lastKnownFileType = folder.assetcatalog; path = Assets.xcassets; sourceTree = "<group>"; };
		22DFB7D1267934CA0012AB41 /* Base */ = {isa = PBXFileReference; lastKnownFileType = file.storyboard; name = Base; path = Base.lproj/LaunchScreen.storyboard; sourceTree = "<group>"; };
		22DFB7D3267934CA0012AB41 /* Info.plist */ = {isa = PBXFileReference; lastKnownFileType = text.plist.xml; path = Info.plist; sourceTree = "<group>"; };
		22DFB7D9267939780012AB41 /* HomePageViewController.swift */ = {isa = PBXFileReference; lastKnownFileType = sourcecode.swift; path = HomePageViewController.swift; sourceTree = "<group>"; };
		22DFB7DB26793AB00012AB41 /* InfoPageViewController.swift */ = {isa = PBXFileReference; lastKnownFileType = sourcecode.swift; path = InfoPageViewController.swift; sourceTree = "<group>"; };
		22DFB7DD26793CE40012AB41 /* DisclaimerViewController.swift */ = {isa = PBXFileReference; lastKnownFileType = sourcecode.swift; path = DisclaimerViewController.swift; sourceTree = "<group>"; };
/* End PBXFileReference section */

/* Begin PBXFrameworksBuildPhase section */
		22DFB7BC267934C60012AB41 /* Frameworks */ = {
			isa = PBXFrameworksBuildPhase;
			buildActionMask = 2147483647;
			files = (
			);
			runOnlyForDeploymentPostprocessing = 0;
		};
/* End PBXFrameworksBuildPhase section */

/* Begin PBXGroup section */
		22DFB7B6267934C60012AB41 = {
			isa = PBXGroup;
			children = (
				22DFB7C1267934C60012AB41 /* woodland */,
				22DFB7C0267934C60012AB41 /* Products */,
			);
			sourceTree = "<group>";
		};
		22DFB7C0267934C60012AB41 /* Products */ = {
			isa = PBXGroup;
			children = (
				22DFB7BF267934C60012AB41 /* woodland.app */,
			);
			name = Products;
			sourceTree = "<group>";
		};
		22DFB7C1267934C60012AB41 /* woodland */ = {
			isa = PBXGroup;
			children = (
				22DFB7C2267934C60012AB41 /* AppDelegate.swift */,
				22DFB7C4267934C60012AB41 /* SceneDelegate.swift */,
				22DFB7C6267934C60012AB41 /* ViewController.swift */,
				22DFB7C8267934C60012AB41 /* Main.storyboard */,
				22DFB7CE267934CA0012AB41 /* Assets.xcassets */,
				22DFB7D0267934CA0012AB41 /* LaunchScreen.storyboard */,
				22DFB7D3267934CA0012AB41 /* Info.plist */,
				22DFB7CB267934C60012AB41 /* woodland.xcdatamodeld */,
				22DFB7D9267939780012AB41 /* HomePageViewController.swift */,
				22DFB7DB26793AB00012AB41 /* InfoPageViewController.swift */,
				22DFB7DD26793CE40012AB41 /* DisclaimerViewController.swift */,
				1899DA1B267A4D38001F8A4C /* DepressionViewController.swift */,
				1899DA1D267A4D4B001F8A4C /* AnxietyViewController.swift */,
				1899DA1F267A4D57001F8A4C /* BurnoutViewController.swift */,
				1899DA21267A4D6F001F8A4C /* ImposterSyndromeViewController.swift */,
				1899DA23267A4DB1001F8A4C /* GaslightingViewController.swift */,
				1899DA25267A4EE4001F8A4C /* GeneralTipsViewController.swift */,
				1899DA27267A7457001F8A4C /* ToDoViewController.swift */,
			);
			path = woodland;
			sourceTree = "<group>";
		};
/* End PBXGroup section */

/* Begin PBXNativeTarget section */
		22DFB7BE267934C60012AB41 /* woodland */ = {
			isa = PBXNativeTarget;
			buildConfigurationList = 22DFB7D6267934CA0012AB41 /* Build configuration list for PBXNativeTarget "woodland" */;
			buildPhases = (
				22DFB7BB267934C60012AB41 /* Sources */,
				22DFB7BC267934C60012AB41 /* Frameworks */,
				22DFB7BD267934C60012AB41 /* Resources */,
			);
			buildRules = (
			);
			dependencies = (
			);
			name = woodland;
			productName = woodland;
			productReference = 22DFB7BF267934C60012AB41 /* woodland.app */;
			productType = "com.apple.product-type.application";
		};
/* End PBXNativeTarget section */

/* Begin PBXProject section */
		22DFB7B7267934C60012AB41 /* Project object */ = {
			isa = PBXProject;
			attributes = {
				LastSwiftUpdateCheck = 1250;
				LastUpgradeCheck = 1250;
				TargetAttributes = {
					22DFB7BE267934C60012AB41 = {
						CreatedOnToolsVersion = 12.5;
					};
				};
			};
			buildConfigurationList = 22DFB7BA267934C60012AB41 /* Build configuration list for PBXProject "woodland" */;
			compatibilityVersion = "Xcode 9.3";
			developmentRegion = en;
			hasScannedForEncodings = 0;
			knownRegions = (
				en,
				Base,
			);
			mainGroup = 22DFB7B6267934C60012AB41;
			productRefGroup = 22DFB7C0267934C60012AB41 /* Products */;
			projectDirPath = "";
			projectRoot = "";
			targets = (
				22DFB7BE267934C60012AB41 /* woodland */,
			);
		};
/* End PBXProject section */

/* Begin PBXResourcesBuildPhase section */
		22DFB7BD267934C60012AB41 /* Resources */ = {
			isa = PBXResourcesBuildPhase;
			buildActionMask = 2147483647;
			files = (
				22DFB7D2267934CA0012AB41 /* LaunchScreen.storyboard in Resources */,
				22DFB7CF267934CA0012AB41 /* Assets.xcassets in Resources */,
				22DFB7CA267934C60012AB41 /* Main.storyboard in Resources */,
			);
			runOnlyForDeploymentPostprocessing = 0;
		};
/* End PBXResourcesBuildPhase section */

/* Begin PBXSourcesBuildPhase section */
		22DFB7BB267934C60012AB41 /* Sources */ = {
			isa = PBXSourcesBuildPhase;
			buildActionMask = 2147483647;
			files = (
				1899DA1E267A4D4B001F8A4C /* AnxietyViewController.swift in Sources */,
				22DFB7C7267934C60012AB41 /* ViewController.swift in Sources */,
				22DFB7CD267934C60012AB41 /* woodland.xcdatamodeld in Sources */,
				22DFB7DE26793CE40012AB41 /* DisclaimerViewController.swift in Sources */,
				1899DA20267A4D57001F8A4C /* BurnoutViewController.swift in Sources */,
				22DFB7C3267934C60012AB41 /* AppDelegate.swift in Sources */,
				1899DA28267A7457001F8A4C /* ToDoViewController.swift in Sources */,
				1899DA22267A4D6F001F8A4C /* ImposterSyndromeViewController.swift in Sources */,
				1899DA1C267A4D38001F8A4C /* DepressionViewController.swift in Sources */,
				22DFB7DC26793AB00012AB41 /* InfoPageViewController.swift in Sources */,
				22DFB7DA267939780012AB41 /* HomePageViewController.swift in Sources */,
				1899DA26267A4EE4001F8A4C /* GeneralTipsViewController.swift in Sources */,
				1899DA24267A4DB1001F8A4C /* GaslightingViewController.swift in Sources */,
				22DFB7C5267934C60012AB41 /* SceneDelegate.swift in Sources */,
			);
			runOnlyForDeploymentPostprocessing = 0;
		};
/* End PBXSourcesBuildPhase section */

/* Begin PBXVariantGroup section */
		22DFB7C8267934C60012AB41 /* Main.storyboard */ = {
			isa = PBXVariantGroup;
			children = (
				22DFB7C9267934C60012AB41 /* Base */,
			);
			name = Main.storyboard;
			sourceTree = "<group>";
		};
		22DFB7D0267934CA0012AB41 /* LaunchScreen.storyboard */ = {
			isa = PBXVariantGroup;
			children = (
				22DFB7D1267934CA0012AB41 /* Base */,
			);
			name = LaunchScreen.storyboard;
			sourceTree = "<group>";
		};
/* End PBXVariantGroup section */

/* Begin XCBuildConfiguration section */
		22DFB7D4267934CA0012AB41 /* Debug */ = {
			isa = XCBuildConfiguration;
			buildSettings = {
				ALWAYS_SEARCH_USER_PATHS = NO;
				CLANG_ANALYZER_NONNULL = YES;
				CLANG_ANALYZER_NUMBER_OBJECT_CONVERSION = YES_AGGRESSIVE;
				CLANG_CXX_LANGUAGE_STANDARD = "gnu++14";
				CLANG_CXX_LIBRARY = "libc++";
				CLANG_ENABLE_MODULES = YES;
				CLANG_ENABLE_OBJC_ARC = YES;
				CLANG_ENABLE_OBJC_WEAK = YES;
				CLANG_WARN_BLOCK_CAPTURE_AUTORELEASING = YES;
				CLANG_WARN_BOOL_CONVERSION = YES;
				CLANG_WARN_COMMA = YES;
				CLANG_WARN_CONSTANT_CONVERSION = YES;
				CLANG_WARN_DEPRECATED_OBJC_IMPLEMENTATIONS = YES;
				CLANG_WARN_DIRECT_OBJC_ISA_USAGE = YES_ERROR;
				CLANG_WARN_DOCUMENTATION_COMMENTS = YES;
				CLANG_WARN_EMPTY_BODY = YES;
				CLANG_WARN_ENUM_CONVERSION = YES;
				CLANG_WARN_INFINITE_RECURSION = YES;
				CLANG_WARN_INT_CONVERSION = YES;
				CLANG_WARN_NON_LITERAL_NULL_CONVERSION = YES;
				CLANG_WARN_OBJC_IMPLICIT_RETAIN_SELF = YES;
				CLANG_WARN_OBJC_LITERAL_CONVERSION = YES;
				CLANG_WARN_OBJC_ROOT_CLASS = YES_ERROR;
				CLANG_WARN_QUOTED_INCLUDE_IN_FRAMEWORK_HEADER = YES;
				CLANG_WARN_RANGE_LOOP_ANALYSIS = YES;
				CLANG_WARN_STRICT_PROTOTYPES = YES;
				CLANG_WARN_SUSPICIOUS_MOVE = YES;
				CLANG_WARN_UNGUARDED_AVAILABILITY = YES_AGGRESSIVE;
				CLANG_WARN_UNREACHABLE_CODE = YES;
				CLANG_WARN__DUPLICATE_METHOD_MATCH = YES;
				COPY_PHASE_STRIP = NO;
				DEBUG_INFORMATION_FORMAT = dwarf;
				ENABLE_STRICT_OBJC_MSGSEND = YES;
				ENABLE_TESTABILITY = YES;
				GCC_C_LANGUAGE_STANDARD = gnu11;
				GCC_DYNAMIC_NO_PIC = NO;
				GCC_NO_COMMON_BLOCKS = YES;
				GCC_OPTIMIZATION_LEVEL = 0;
				GCC_PREPROCESSOR_DEFINITIONS = (
					"DEBUG=1",
					"$(inherited)",
				);
				GCC_WARN_64_TO_32_BIT_CONVERSION = YES;
				GCC_WARN_ABOUT_RETURN_TYPE = YES_ERROR;
				GCC_WARN_UNDECLARED_SELECTOR = YES;
				GCC_WARN_UNINITIALIZED_AUTOS = YES_AGGRESSIVE;
				GCC_WARN_UNUSED_FUNCTION = YES;
				GCC_WARN_UNUSED_VARIABLE = YES;
				IPHONEOS_DEPLOYMENT_TARGET = 14.5;
				MTL_ENABLE_DEBUG_INFO = INCLUDE_SOURCE;
				MTL_FAST_MATH = YES;
				ONLY_ACTIVE_ARCH = YES;
				SDKROOT = iphoneos;
				SWIFT_ACTIVE_COMPILATION_CONDITIONS = DEBUG;
				SWIFT_OPTIMIZATION_LEVEL = "-Onone";
			};
			name = Debug;
		};
		22DFB7D5267934CA0012AB41 /* Release */ = {
			isa = XCBuildConfiguration;
			buildSettings = {
				ALWAYS_SEARCH_USER_PATHS = NO;
				CLANG_ANALYZER_NONNULL = YES;
				CLANG_ANALYZER_NUMBER_OBJECT_CONVERSION = YES_AGGRESSIVE;
				CLANG_CXX_LANGUAGE_STANDARD = "gnu++14";
				CLANG_CXX_LIBRARY = "libc++";
				CLANG_ENABLE_MODULES = YES;
				CLANG_ENABLE_OBJC_ARC = YES;
				CLANG_ENABLE_OBJC_WEAK = YES;
				CLANG_WARN_BLOCK_CAPTURE_AUTORELEASING = YES;
				CLANG_WARN_BOOL_CONVERSION = YES;
				CLANG_WARN_COMMA = YES;
				CLANG_WARN_CONSTANT_CONVERSION = YES;
				CLANG_WARN_DEPRECATED_OBJC_IMPLEMENTATIONS = YES;
				CLANG_WARN_DIRECT_OBJC_ISA_USAGE = YES_ERROR;
				CLANG_WARN_DOCUMENTATION_COMMENTS = YES;
				CLANG_WARN_EMPTY_BODY = YES;
				CLANG_WARN_ENUM_CONVERSION = YES;
				CLANG_WARN_INFINITE_RECURSION = YES;
				CLANG_WARN_INT_CONVERSION = YES;
				CLANG_WARN_NON_LITERAL_NULL_CONVERSION = YES;
				CLANG_WARN_OBJC_IMPLICIT_RETAIN_SELF = YES;
				CLANG_WARN_OBJC_LITERAL_CONVERSION = YES;
				CLANG_WARN_OBJC_ROOT_CLASS = YES_ERROR;
				CLANG_WARN_QUOTED_INCLUDE_IN_FRAMEWORK_HEADER = YES;
				CLANG_WARN_RANGE_LOOP_ANALYSIS = YES;
				CLANG_WARN_STRICT_PROTOTYPES = YES;
				CLANG_WARN_SUSPICIOUS_MOVE = YES;
				CLANG_WARN_UNGUARDED_AVAILABILITY = YES_AGGRESSIVE;
				CLANG_WARN_UNREACHABLE_CODE = YES;
				CLANG_WARN__DUPLICATE_METHOD_MATCH = YES;
				COPY_PHASE_STRIP = NO;
				DEBUG_INFORMATION_FORMAT = "dwarf-with-dsym";
				ENABLE_NS_ASSERTIONS = NO;
				ENABLE_STRICT_OBJC_MSGSEND = YES;
				GCC_C_LANGUAGE_STANDARD = gnu11;
				GCC_NO_COMMON_BLOCKS = YES;
				GCC_WARN_64_TO_32_BIT_CONVERSION = YES;
				GCC_WARN_ABOUT_RETURN_TYPE = YES_ERROR;
				GCC_WARN_UNDECLARED_SELECTOR = YES;
				GCC_WARN_UNINITIALIZED_AUTOS = YES_AGGRESSIVE;
				GCC_WARN_UNUSED_FUNCTION = YES;
				GCC_WARN_UNUSED_VARIABLE = YES;
				IPHONEOS_DEPLOYMENT_TARGET = 14.5;
				MTL_ENABLE_DEBUG_INFO = NO;
				MTL_FAST_MATH = YES;
				SDKROOT = iphoneos;
				SWIFT_COMPILATION_MODE = wholemodule;
				SWIFT_OPTIMIZATION_LEVEL = "-O";
				VALIDATE_PRODUCT = YES;
			};
			name = Release;
		};
		22DFB7D7267934CA0012AB41 /* Debug */ = {
			isa = XCBuildConfiguration;
			buildSettings = {
				ASSETCATALOG_COMPILER_APPICON_NAME = AppIcon;
				ASSETCATALOG_COMPILER_GLOBAL_ACCENT_COLOR_NAME = AccentColor;
				CODE_SIGN_STYLE = Automatic;
				INFOPLIST_FILE = woodland/Info.plist;
				LD_RUNPATH_SEARCH_PATHS = (
					"$(inherited)",
					"@executable_path/Frameworks",
				);
				PRODUCT_BUNDLE_IDENTIFIER = com.example.woodland;
				PRODUCT_NAME = "$(TARGET_NAME)";
				SWIFT_VERSION = 5.0;
				TARGETED_DEVICE_FAMILY = "1,2";
			};
			name = Debug;
		};
		22DFB7D8267934CA0012AB41 /* Release */ = {
			isa = XCBuildConfiguration;
			buildSettings = {
				ASSETCATALOG_COMPILER_APPICON_NAME = AppIcon;
				ASSETCATALOG_COMPILER_GLOBAL_ACCENT_COLOR_NAME = AccentColor;
				CODE_SIGN_STYLE = Automatic;
				INFOPLIST_FILE = woodland/Info.plist;
				LD_RUNPATH_SEARCH_PATHS = (
					"$(inherited)",
					"@executable_path/Frameworks",
				);
				PRODUCT_BUNDLE_IDENTIFIER = com.example.woodland;
				PRODUCT_NAME = "$(TARGET_NAME)";
				SWIFT_VERSION = 5.0;
				TARGETED_DEVICE_FAMILY = "1,2";
			};
			name = Release;
		};
/* End XCBuildConfiguration section */

/* Begin XCConfigurationList section */
		22DFB7BA267934C60012AB41 /* Build configuration list for PBXProject "woodland" */ = {
			isa = XCConfigurationList;
			buildConfigurations = (
				22DFB7D4267934CA0012AB41 /* Debug */,
				22DFB7D5267934CA0012AB41 /* Release */,
			);
			defaultConfigurationIsVisible = 0;
			defaultConfigurationName = Release;
		};
		22DFB7D6267934CA0012AB41 /* Build configuration list for PBXNativeTarget "woodland" */ = {
			isa = XCConfigurationList;
			buildConfigurations = (
				22DFB7D7267934CA0012AB41 /* Debug */,
				22DFB7D8267934CA0012AB41 /* Release */,
			);
			defaultConfigurationIsVisible = 0;
			defaultConfigurationName = Release;
		};
/* End XCConfigurationList section */

/* Begin XCVersionGroup section */
		22DFB7CB267934C60012AB41 /* woodland.xcdatamodeld */ = {
			isa = XCVersionGroup;
			children = (
				22DFB7CC267934C60012AB41 /* woodland.xcdatamodel */,
			);
			currentVersion = 22DFB7CC267934C60012AB41 /* woodland.xcdatamodel */;
			path = woodland.xcdatamodeld;
			sourceTree = "<group>";
			versionGroupType = wrapper.xcdatamodel;
		};
/* End XCVersionGroup section */
	};
	rootObject = 22DFB7B7267934C60012AB41 /* Project object */;
}
